
Microsoft Visual Studio Solution File, Format Version 12.00
# Visual Studio Version 17
VisualStudioVersion = 17.14.36203.30
MinimumVisualStudioVersion = 10.0.40219.1
Project("{FAE04EC0-301F-11D3-BF4B-00C04F79EFBC}") = "FitCheckWebApp", "FitCheckWebApp.csproj", "{27655C4F-5EFF-490B-9BDD-14C25E544485}"
EndProject
Global
	GlobalSection(SolutionConfigurationPlatforms) = preSolution
		Debug|Any CPU = Debug|Any CPU
		Release|Any CPU = Release|Any CPU
	EndGlobalSection
	GlobalSection(ProjectConfigurationPlatforms) = postSolution
		{27655C4F-5EFF-490B-9BDD-14C25E544485}.Debug|Any CPU.ActiveCfg = Debug|Any CPU
		{27655C4F-5EFF-490B-9BDD-14C25E544485}.Debug|Any CPU.Build.0 = Debug|Any CPU
		{27655C4F-5EFF-490B-9BDD-14C25E544485}.Release|Any CPU.ActiveCfg = Release|Any CPU
		{27655C4F-5EFF-490B-9BDD-14C25E544485}.Release|Any CPU.Build.0 = Release|Any CPU
	EndGlobalSection
	GlobalSection(SolutionProperties) = preSolution
		HideSolutionNode = FALSE
	EndGlobalSection
	GlobalSection(ExtensibilityGlobals) = postSolution
		SolutionGuid = {91AB3DF2-95D1-431E-8AEF-49FE0495120E}
	EndGlobalSection
EndGlobal
